{
  "name": "fetch-as-google",
  "version": "0.1.0",
  "lockfileVersion": 1,
  "requires": true,
  "dependencies": {
    "framesync": {
      "version": "3.1.7",
      "resolved": "https://registry.npmjs.org/framesync/-/framesync-3.1.7.tgz",
      "integrity": "sha512-oMW1Myil2BcHFMntyMvFkkBOz/aaH5kNb0XtSd/IRFiGuh2sWzf0XukgSJFyNh2WcQr05uCbpL1RY6vQK8qUQw=="
    },
    "popmotion": {
      "version": "8.1.22",
      "resolved": "https://registry.npmjs.org/popmotion/-/popmotion-8.1.22.tgz",
      "integrity": "sha512-PbCfTaf6No+wbyV5KRiIrWEEclCBFA8mZLLndW0a56rWXZk54vh03cSdlDqmaWvr+Np5ilUk3klSYsGkxmHVNA==",
      "requires": {
        "framesync": "3.1.7",
        "style-value-types": "1.0.4",
        "stylefire": "1.2.14"
      }
    },
    "popmotion-pose": {
      "version": "1.3.0",
      "resolved": "https://registry.npmjs.org/popmotion-pose/-/popmotion-pose-1.3.0.tgz",
      "integrity": "sha512-+W4uH50+bKXG+1IZMOAtxYDcpxta/uOu0W+2b35DbqVr3DiYB5adhVkcvY0oueqbm5gWEnQOf5let0KK8wamwQ==",
      "requires": {
        "popmotion": "8.1.22"
      }
    },
    "react-lifecycles-compat": {
      "version": "1.1.4",
      "resolved": "https://registry.npmjs.org/react-lifecycles-compat/-/react-lifecycles-compat-1.1.4.tgz",
      "integrity": "sha512-g3pdexIqkn+CVvSpYIoyON8zUbF9kgfhp672gyz7wQ7PQyXVmJtah+GDYqpHpOrdwex3F77iv+alq79iux9HZw=="
    },
    "react-pose": {
      "version": "1.5.2",
      "resolved": "https://registry.npmjs.org/react-pose/-/react-pose-1.5.2.tgz",
      "integrity": "sha512-RfbUdugC/8GHfJf3e85JwEZ4ihs/mXly3rylvstu2iVURQOeVOECmLUoMumUf/ipa+fUIdgbFQJrCbtjpo+KYQ==",
      "requires": {
        "popmotion-pose": "1.3.0",
        "react-lifecycles-compat": "1.1.4"
      }
    },
    "style-value-types": {
      "version": "1.0.4",
      "resolved": "https://registry.npmjs.org/style-value-types/-/style-value-types-1.0.4.tgz",
      "integrity": "sha512-3W7zFlJdwNEKt0IN+BI9xgvIfUWusa5H8JgiL3xO2NLmaAVT9ef64aG47iJkEXXUQHM3A3eZzbNxD+npgWgo+g=="
    },
    "stylefire": {
      "version": "1.2.14",
      "resolved": "https://registry.npmjs.org/stylefire/-/stylefire-1.2.14.tgz",
      "integrity": "sha512-FPMStF0Y9IsV0kf6HkXiwBtbpk6jqWh68OvvdF3MF2Xi/tPI9P1H5d6t3PjF+Kivlc34iMf9wm5nvdFFfKxk0w==",
      "requires": {
        "framesync": "3.1.7",
        "style-value-types": "1.0.4"
      }
    }
  }
}
